// !$*UTF8*$!
{
	archiveVersion = 1;
	classes = {
	};
	objectVersion = 50;
	objects = {

/* Begin PBXBuildFile section */
		55A4DD9F2621F42000234631 /* AppDelegate.swift in Sources */ = {isa = PBXBuildFile; fileRef = 55A4DD9E2621F42000234631 /* AppDelegate.swift */; };
		55A4DDA12621F42000234631 /* SceneDelegate.swift in Sources */ = {isa = PBXBuildFile; fileRef = 55A4DDA02621F42000234631 /* SceneDelegate.swift */; };
		55A4DDA32621F42000234631 /* ViewController.swift in Sources */ = {isa = PBXBuildFile; fileRef = 55A4DDA22621F42000234631 /* ViewController.swift */; };
		55A4DDA62621F42000234631 /* Main.storyboard in Resources */ = {isa = PBXBuildFile; fileRef = 55A4DDA42621F42000234631 /* Main.storyboard */; };
		55A4DDA92621F42000234631 /* JWTAsmt.xcdatamodeld in Sources */ = {isa = PBXBuildFile; fileRef = 55A4DDA72621F42000234631 /* JWTAsmt.xcdatamodeld */; };
		55A4DDAB2621F42100234631 /* Assets.xcassets in Resources */ = {isa = PBXBuildFile; fileRef = 55A4DDAA2621F42100234631 /* Assets.xcassets */; };
		55A4DDAE2621F42100234631 /* LaunchScreen.storyboard in Resources */ = {isa = PBXBuildFile; fileRef = 55A4DDAC2621F42100234631 /* LaunchScreen.storyboard */; };
		55A4DDBE2622166300234631 /* Box.swift in Sources */ = {isa = PBXBuildFile; fileRef = 55A4DDBD2622166300234631 /* Box.swift */; };
		55A4DDC126221B3A00234631 /* JsonWebToken.swift in Sources */ = {isa = PBXBuildFile; fileRef = 55A4DDC026221B3A00234631 /* JsonWebToken.swift */; };
/* End PBXBuildFile section */

/* Begin PBXFileReference section */
		55A4DD9B2621F42000234631 /* JWTAsmt.app */ = {isa = PBXFileReference; explicitFileType = wrapper.application; includeInIndex = 0; path = JWTAsmt.app; sourceTree = BUILT_PRODUCTS_DIR; };
		55A4DD9E2621F42000234631 /* AppDelegate.swift */ = {isa = PBXFileReference; lastKnownFileType = sourcecode.swift; path = AppDelegate.swift; sourceTree = "<group>"; };
		55A4DDA02621F42000234631 /* SceneDelegate.swift */ = {isa = PBXFileReference; lastKnownFileType = sourcecode.swift; path = SceneDelegate.swift; sourceTree = "<group>"; };
		55A4DDA22621F42000234631 /* ViewController.swift */ = {isa = PBXFileReference; lastKnownFileType = sourcecode.swift; path = ViewController.swift; sourceTree = "<group>"; };
		55A4DDA52621F42000234631 /* Base */ = {isa = PBXFileReference; lastKnownFileType = file.storyboard; name = Base; path = Base.lproj/Main.storyboard; sourceTree = "<group>"; };
		55A4DDA82621F42000234631 /* JWTAsmt.xcdatamodel */ = {isa = PBXFileReference; lastKnownFileType = wrapper.xcdatamodel; path = JWTAsmt.xcdatamodel; sourceTree = "<group>"; };
		55A4DDAA2621F42100234631 /* Assets.xcassets */ = {isa = PBXFileReference; lastKnownFileType = folder.assetcatalog; path = Assets.xcassets; sourceTree = "<group>"; };
		55A4DDAD2621F42100234631 /* Base */ = {isa = PBXFileReference; lastKnownFileType = file.storyboard; name = Base; path = Base.lproj/LaunchScreen.storyboard; sourceTree = "<group>"; };
		55A4DDAF2621F42100234631 /* Info.plist */ = {isa = PBXFileReference; lastKnownFileType = text.plist.xml; path = Info.plist; sourceTree = "<group>"; };
		55A4DDBD2622166300234631 /* Box.swift */ = {isa = PBXFileReference; fileEncoding = 4; lastKnownFileType = sourcecode.swift; path = Box.swift; sourceTree = "<group>"; };
		55A4DDC026221B3A00234631 /* JsonWebToken.swift */ = {isa = PBXFileReference; lastKnownFileType = sourcecode.swift; path = JsonWebToken.swift; sourceTree = "<group>"; };
/* End PBXFileReference section */

/* Begin PBXFrameworksBuildPhase section */
		55A4DD982621F42000234631 /* Frameworks */ = {
			isa = PBXFrameworksBuildPhase;
			buildActionMask = 2147483647;
			files = (
			);
			runOnlyForDeploymentPostprocessing = 0;
		};
/* End PBXFrameworksBuildPhase section */

/* Begin PBXGroup section */
		55A4DD922621F42000234631 = {
			isa = PBXGroup;
			children = (
				55A4DD9D2621F42000234631 /* JWTAsmt */,
				55A4DD9C2621F42000234631 /* Products */,
			);
			sourceTree = "<group>";
		};
		55A4DD9C2621F42000234631 /* Products */ = {
			isa = PBXGroup;
			children = (
				55A4DD9B2621F42000234631 /* JWTAsmt.app */,
			);
			name = Products;
			sourceTree = "<group>";
		};
		55A4DD9D2621F42000234631 /* JWTAsmt */ = {
			isa = PBXGroup;
			children = (
				55A4DDB62621F91200234631 /* Controllers */,
				55A4DDB82621F91200234631 /* Models */,
				55A4DDBA2621F91200234631 /* mvvm */,
				55A4DDB72621F91200234631 /* Services */,
				55A4DDB92621F91200234631 /* Utilities */,
				55A4DDBB2621F91200234631 /* Views */,
				55A4DD9E2621F42000234631 /* AppDelegate.swift */,
				55A4DDA02621F42000234631 /* SceneDelegate.swift */,
				55A4DDA22621F42000234631 /* ViewController.swift */,
				55A4DDA42621F42000234631 /* Main.storyboard */,
				55A4DDAA2621F42100234631 /* Assets.xcassets */,
				55A4DDAC2621F42100234631 /* LaunchScreen.storyboard */,
				55A4DDAF2621F42100234631 /* Info.plist */,
				55A4DDA72621F42000234631 /* JWTAsmt.xcdatamodeld */,
			);
			path = JWTAsmt;
			sourceTree = "<group>";
		};
		55A4DDB62621F91200234631 /* Controllers */ = {
			isa = PBXGroup;
			children = (
			);
			path = Controllers;
			sourceTree = "<group>";
		};
		55A4DDB72621F91200234631 /* Services */ = {
			isa = PBXGroup;
			children = (
			);
			path = Services;
			sourceTree = "<group>";
		};
		55A4DDB82621F91200234631 /* Models */ = {
			isa = PBXGroup;
			children = (
			);
			path = Models;
			sourceTree = "<group>";
		};
		55A4DDB92621F91200234631 /* Utilities */ = {
			isa = PBXGroup;
			children = (
				55A4DDBD2622166300234631 /* Box.swift */,
				55A4DDC026221B3A00234631 /* JsonWebToken.swift */,
			);
			path = Utilities;
			sourceTree = "<group>";
		};
		55A4DDBA2621F91200234631 /* mvvm */ = {
			isa = PBXGroup;
			children = (
			);
			path = mvvm;
			sourceTree = "<group>";
		};
		55A4DDBB2621F91200234631 /* Views */ = {
			isa = PBXGroup;
			children = (
			);
			path = Views;
			sourceTree = "<group>";
		};
/* End PBXGroup section */

/* Begin PBXNativeTarget section */
		55A4DD9A2621F42000234631 /* JWTAsmt */ = {
			isa = PBXNativeTarget;
			buildConfigurationList = 55A4DDB22621F42100234631 /* Build configuration list for PBXNativeTarget "JWTAsmt" */;
			buildPhases = (
				55A4DD972621F42000234631 /* Sources */,
				55A4DD982621F42000234631 /* Frameworks */,
				55A4DD992621F42000234631 /* Resources */,
			);
			buildRules = (
			);
			dependencies = (
			);
			name = JWTAsmt;
			productName = JWTAsmt;
			productReference = 55A4DD9B2621F42000234631 /* JWTAsmt.app */;
			productType = "com.apple.product-type.application";
		};
/* End PBXNativeTarget section */

/* Begin PBXProject section */
		55A4DD932621F42000234631 /* Project object */ = {
			isa = PBXProject;
			attributes = {
				LastSwiftUpdateCheck = 1200;
				LastUpgradeCheck = 1200;
				TargetAttributes = {
					55A4DD9A2621F42000234631 = {
						CreatedOnToolsVersion = 12.0;
					};
				};
			};
			buildConfigurationList = 55A4DD962621F42000234631 /* Build configuration list for PBXProject "JWTAsmt" */;
			compatibilityVersion = "Xcode 9.3";
			developmentRegion = en;
			hasScannedForEncodings = 0;
			knownRegions = (
				en,
				Base,
			);
			mainGroup = 55A4DD922621F42000234631;
			productRefGroup = 55A4DD9C2621F42000234631 /* Products */;
			projectDirPath = "";
			projectRoot = "";
			targets = (
				55A4DD9A2621F42000234631 /* JWTAsmt */,
			);
		};
/* End PBXProject section */

/* Begin PBXResourcesBuildPhase section */
		55A4DD992621F42000234631 /* Resources */ = {
			isa = PBXResourcesBuildPhase;
			buildActionMask = 2147483647;
			files = (
				55A4DDAE2621F42100234631 /* LaunchScreen.storyboard in Resources */,
				55A4DDAB2621F42100234631 /* Assets.xcassets in Resources */,
				55A4DDA62621F42000234631 /* Main.storyboard in Resources */,
			);
			runOnlyForDeploymentPostprocessing = 0;
		};
/* End PBXResourcesBuildPhase section */

/* Begin PBXSourcesBuildPhase section */
		55A4DD972621F42000234631 /* Sources */ = {
			isa = PBXSourcesBuildPhase;
			buildActionMask = 2147483647;
			files = (
				55A4DDA32621F42000234631 /* ViewController.swift in Sources */,
				55A4DD9F2621F42000234631 /* AppDelegate.swift in Sources */,
				55A4DDC126221B3A00234631 /* JsonWebToken.swift in Sources */,
				55A4DDA92621F42000234631 /* JWTAsmt.xcdatamodeld in Sources */,
				55A4DDA12621F42000234631 /* SceneDelegate.swift in Sources */,
				55A4DDBE2622166300234631 /* Box.swift in Sources */,
			);
			runOnlyForDeploymentPostprocessing = 0;
		};
/* End PBXSourcesBuildPhase section */

/* Begin PBXVariantGroup section */
		55A4DDA42621F42000234631 /* Main.storyboard */ = {
			isa = PBXVariantGroup;
			children = (
				55A4DDA52621F42000234631 /* Base */,
			);
			name = Main.storyboard;
			sourceTree = "<group>";
		};
		55A4DDAC2621F42100234631 /* LaunchScreen.storyboard */ = {
			isa = PBXVariantGroup;
			children = (
				55A4DDAD2621F42100234631 /* Base */,
			);
			name = LaunchScreen.storyboard;
			sourceTree = "<group>";
		};
/* End PBXVariantGroup section */

/* Begin XCBuildConfiguration section */
		55A4DDB02621F42100234631 /* Debug */ = {
			isa = XCBuildConfiguration;
			buildSettings = {
				ALWAYS_SEARCH_USER_PATHS = NO;
				CLANG_ANALYZER_NONNULL = YES;
				CLANG_ANALYZER_NUMBER_OBJECT_CONVERSION = YES_AGGRESSIVE;
				CLANG_CXX_LANGUAGE_STANDARD = "gnu++14";
				CLANG_CXX_LIBRARY = "libc++";
				CLANG_ENABLE_MODULES = YES;
				CLANG_ENABLE_OBJC_ARC = YES;
				CLANG_ENABLE_OBJC_WEAK = YES;
				CLANG_WARN_BLOCK_CAPTURE_AUTORELEASING = YES;
				CLANG_WARN_BOOL_CONVERSION = YES;
				CLANG_WARN_COMMA = YES;
				CLANG_WARN_CONSTANT_CONVERSION = YES;
				CLANG_WARN_DEPRECATED_OBJC_IMPLEMENTATIONS = YES;
				CLANG_WARN_DIRECT_OBJC_ISA_USAGE = YES_ERROR;
				CLANG_WARN_DOCUMENTATION_COMMENTS = YES;
				CLANG_WARN_EMPTY_BODY = YES;
				CLANG_WARN_ENUM_CONVERSION = YES;
				CLANG_WARN_INFINITE_RECURSION = YES;
				CLANG_WARN_INT_CONVERSION = YES;
				CLANG_WARN_NON_LITERAL_NULL_CONVERSION = YES;
				CLANG_WARN_OBJC_IMPLICIT_RETAIN_SELF = YES;
				CLANG_WARN_OBJC_LITERAL_CONVERSION = YES;
				CLANG_WARN_OBJC_ROOT_CLASS = YES_ERROR;
				CLANG_WARN_QUOTED_INCLUDE_IN_FRAMEWORK_HEADER = YES;
				CLANG_WARN_RANGE_LOOP_ANALYSIS = YES;
				CLANG_WARN_STRICT_PROTOTYPES = YES;
				CLANG_WARN_SUSPICIOUS_MOVE = YES;
				CLANG_WARN_UNGUARDED_AVAILABILITY = YES_AGGRESSIVE;
				CLANG_WARN_UNREACHABLE_CODE = YES;
				CLANG_WARN__DUPLICATE_METHOD_MATCH = YES;
				COPY_PHASE_STRIP = NO;
				DEBUG_INFORMATION_FORMAT = dwarf;
				ENABLE_STRICT_OBJC_MSGSEND = YES;
				ENABLE_TESTABILITY = YES;
				GCC_C_LANGUAGE_STANDARD = gnu11;
				GCC_DYNAMIC_NO_PIC = NO;
				GCC_NO_COMMON_BLOCKS = YES;
				GCC_OPTIMIZATION_LEVEL = 0;
				GCC_PREPROCESSOR_DEFINITIONS = (
					"DEBUG=1",
					"$(inherited)",
				);
				GCC_WARN_64_TO_32_BIT_CONVERSION = YES;
				GCC_WARN_ABOUT_RETURN_TYPE = YES_ERROR;
				GCC_WARN_UNDECLARED_SELECTOR = YES;
				GCC_WARN_UNINITIALIZED_AUTOS = YES_AGGRESSIVE;
				GCC_WARN_UNUSED_FUNCTION = YES;
				GCC_WARN_UNUSED_VARIABLE = YES;
				IPHONEOS_DEPLOYMENT_TARGET = 14.0;
				MTL_ENABLE_DEBUG_INFO = INCLUDE_SOURCE;
				MTL_FAST_MATH = YES;
				ONLY_ACTIVE_ARCH = YES;
				SDKROOT = iphoneos;
				SWIFT_ACTIVE_COMPILATION_CONDITIONS = DEBUG;
				SWIFT_OPTIMIZATION_LEVEL = "-Onone";
			};
			name = Debug;
		};
		55A4DDB12621F42100234631 /* Release */ = {
			isa = XCBuildConfiguration;
			buildSettings = {
				ALWAYS_SEARCH_USER_PATHS = NO;
				CLANG_ANALYZER_NONNULL = YES;
				CLANG_ANALYZER_NUMBER_OBJECT_CONVERSION = YES_AGGRESSIVE;
				CLANG_CXX_LANGUAGE_STANDARD = "gnu++14";
				CLANG_CXX_LIBRARY = "libc++";
				CLANG_ENABLE_MODULES = YES;
				CLANG_ENABLE_OBJC_ARC = YES;
				CLANG_ENABLE_OBJC_WEAK = YES;
				CLANG_WARN_BLOCK_CAPTURE_AUTORELEASING = YES;
				CLANG_WARN_BOOL_CONVERSION = YES;
				CLANG_WARN_COMMA = YES;
				CLANG_WARN_CONSTANT_CONVERSION = YES;
				CLANG_WARN_DEPRECATED_OBJC_IMPLEMENTATIONS = YES;
				CLANG_WARN_DIRECT_OBJC_ISA_USAGE = YES_ERROR;
				CLANG_WARN_DOCUMENTATION_COMMENTS = YES;
				CLANG_WARN_EMPTY_BODY = YES;
				CLANG_WARN_ENUM_CONVERSION = YES;
				CLANG_WARN_INFINITE_RECURSION = YES;
				CLANG_WARN_INT_CONVERSION = YES;
				CLANG_WARN_NON_LITERAL_NULL_CONVERSION = YES;
				CLANG_WARN_OBJC_IMPLICIT_RETAIN_SELF = YES;
				CLANG_WARN_OBJC_LITERAL_CONVERSION = YES;
				CLANG_WARN_OBJC_ROOT_CLASS = YES_ERROR;
				CLANG_WARN_QUOTED_INCLUDE_IN_FRAMEWORK_HEADER = YES;
				CLANG_WARN_RANGE_LOOP_ANALYSIS = YES;
				CLANG_WARN_STRICT_PROTOTYPES = YES;
				CLANG_WARN_SUSPICIOUS_MOVE = YES;
				CLANG_WARN_UNGUARDED_AVAILABILITY = YES_AGGRESSIVE;
				CLANG_WARN_UNREACHABLE_CODE = YES;
				CLANG_WARN__DUPLICATE_METHOD_MATCH = YES;
				COPY_PHASE_STRIP = NO;
				DEBUG_INFORMATION_FORMAT = "dwarf-with-dsym";
				ENABLE_NS_ASSERTIONS = NO;
				ENABLE_STRICT_OBJC_MSGSEND = YES;
				GCC_C_LANGUAGE_STANDARD = gnu11;
				GCC_NO_COMMON_BLOCKS = YES;
				GCC_WARN_64_TO_32_BIT_CONVERSION = YES;
				GCC_WARN_ABOUT_RETURN_TYPE = YES_ERROR;
				GCC_WARN_UNDECLARED_SELECTOR = YES;
				GCC_WARN_UNINITIALIZED_AUTOS = YES_AGGRESSIVE;
				GCC_WARN_UNUSED_FUNCTION = YES;
				GCC_WARN_UNUSED_VARIABLE = YES;
				IPHONEOS_DEPLOYMENT_TARGET = 14.0;
				MTL_ENABLE_DEBUG_INFO = NO;
				MTL_FAST_MATH = YES;
				SDKROOT = iphoneos;
				SWIFT_COMPILATION_MODE = wholemodule;
				SWIFT_OPTIMIZATION_LEVEL = "-O";
				VALIDATE_PRODUCT = YES;
			};
			name = Release;
		};
		55A4DDB32621F42100234631 /* Debug */ = {
			isa = XCBuildConfiguration;
			buildSettings = {
				ASSETCATALOG_COMPILER_APPICON_NAME = AppIcon;
				ASSETCATALOG_COMPILER_GLOBAL_ACCENT_COLOR_NAME = AccentColor;
				CODE_SIGN_STYLE = Automatic;
				INFOPLIST_FILE = JWTAsmt/Info.plist;
				LD_RUNPATH_SEARCH_PATHS = (
					"$(inherited)",
					"@executable_path/Frameworks",
				);
				PRODUCT_BUNDLE_IDENTIFIER = vaibhavsharma.JWTAsmt;
				PRODUCT_NAME = "$(TARGET_NAME)";
				SWIFT_VERSION = 5.0;
				TARGETED_DEVICE_FAMILY = "1,2";
			};
			name = Debug;
		};
		55A4DDB42621F42100234631 /* Release */ = {
			isa = XCBuildConfiguration;
			buildSettings = {
				ASSETCATALOG_COMPILER_APPICON_NAME = AppIcon;
				ASSETCATALOG_COMPILER_GLOBAL_ACCENT_COLOR_NAME = AccentColor;
				CODE_SIGN_STYLE = Automatic;
				INFOPLIST_FILE = JWTAsmt/Info.plist;
				LD_RUNPATH_SEARCH_PATHS = (
					"$(inherited)",
					"@executable_path/Frameworks",
				);
				PRODUCT_BUNDLE_IDENTIFIER = vaibhavsharma.JWTAsmt;
				PRODUCT_NAME = "$(TARGET_NAME)";
				SWIFT_VERSION = 5.0;
				TARGETED_DEVICE_FAMILY = "1,2";
			};
			name = Release;
		};
/* End XCBuildConfiguration section */

/* Begin XCConfigurationList section */
		55A4DD962621F42000234631 /* Build configuration list for PBXProject "JWTAsmt" */ = {
			isa = XCConfigurationList;
			buildConfigurations = (
				55A4DDB02621F42100234631 /* Debug */,
				55A4DDB12621F42100234631 /* Release */,
			);
			defaultConfigurationIsVisible = 0;
			defaultConfigurationName = Release;
		};
		55A4DDB22621F42100234631 /* Build configuration list for PBXNativeTarget "JWTAsmt" */ = {
			isa = XCConfigurationList;
			buildConfigurations = (
				55A4DDB32621F42100234631 /* Debug */,
				55A4DDB42621F42100234631 /* Release */,
			);
			defaultConfigurationIsVisible = 0;
			defaultConfigurationName = Release;
		};
/* End XCConfigurationList section */

/* Begin XCVersionGroup section */
		55A4DDA72621F42000234631 /* JWTAsmt.xcdatamodeld */ = {
			isa = XCVersionGroup;
			children = (
				55A4DDA82621F42000234631 /* JWTAsmt.xcdatamodel */,
			);
			currentVersion = 55A4DDA82621F42000234631 /* JWTAsmt.xcdatamodel */;
			path = JWTAsmt.xcdatamodeld;
			sourceTree = "<group>";
			versionGroupType = wrapper.xcdatamodel;
		};
/* End XCVersionGroup section */
	};
	rootObject = 55A4DD932621F42000234631 /* Project object */;
}
